{
  "version": 4,
  "terraform_version": "1.0.6",
  "serial": 283,
  "lineage": "3269dc7d-5764-d7cd-6f1c-e67ce19d474a",
  "outputs": {
    "Master-IPS": {
      "value": [
        [
          "192.168.3.200"
        ]
      ],
      "type": [
        "tuple",
        [
          [
            "tuple",
            [
              "string"
            ]
          ]
        ]
      ]
    },
    "worker-IPS": {
      "value": [
        [
          "192.168.3.202",
          "192.168.3.201",
          "192.168.3.198",
          "192.168.3.203"
        ]
      ],
      "type": [
        "tuple",
        [
          [
            "tuple",
            [
              "string",
              "string",
              "string",
              "string"
            ]
          ]
        ]
      ]
    }
  },
  "resources": [
    {
      "mode": "data",
      "type": "template_file",
      "name": "k8s",
      "provider": "provider[\"registry.terraform.io/hashicorp/template\"]",
      "instances": [
        {
          "schema_version": 0,
          "attributes": {
            "filename": null,
            "id": "b7e03fc5d6be9e5c8755c17fe2ab6fc204e284ec9c5a3ddf114ab4c13a3d838a",
            "rendered": "[master]\n192.168.3.200 ansible_ssh_private_key_file=~/.ssh/proxk3s\n\n[node]\n192.168.3.202 ansible_ssh_private_key_file=~/.ssh/proxk3s\n192.168.3.201 ansible_ssh_private_key_file=~/.ssh/proxk3s\n192.168.3.198 ansible_ssh_private_key_file=~/.ssh/proxk3s\n192.168.3.203 ansible_ssh_private_key_file=~/.ssh/proxk3s\n\n[k3s_cluster:children]\nmaster\nnode",
            "template": "[master]\n${k3s_master_ip}\n\n[node]\n${k3s_node_ip}\n\n[k3s_cluster:children]\nmaster\nnode",
            "vars": {
              "k3s_master_ip": "192.168.3.200 ansible_ssh_private_key_file=~/.ssh/proxk3s",
              "k3s_node_ip": "192.168.3.202 ansible_ssh_private_key_file=~/.ssh/proxk3s\n192.168.3.201 ansible_ssh_private_key_file=~/.ssh/proxk3s\n192.168.3.198 ansible_ssh_private_key_file=~/.ssh/proxk3s\n192.168.3.203 ansible_ssh_private_key_file=~/.ssh/proxk3s"
            }
          },
          "sensitive_attributes": []
        }
      ]
    },
    {
      "mode": "managed",
      "type": "local_file",
      "name": "k8s_file",
      "provider": "provider[\"registry.terraform.io/hashicorp/local\"]",
      "instances": [
        {
          "schema_version": 0,
          "attributes": {
            "content": "[master]\n192.168.3.200 ansible_ssh_private_key_file=~/.ssh/proxk3s\n\n[node]\n192.168.3.202 ansible_ssh_private_key_file=~/.ssh/proxk3s\n192.168.3.201 ansible_ssh_private_key_file=~/.ssh/proxk3s\n192.168.3.198 ansible_ssh_private_key_file=~/.ssh/proxk3s\n192.168.3.203 ansible_ssh_private_key_file=~/.ssh/proxk3s\n\n[k3s_cluster:children]\nmaster\nnode",
            "content_base64": null,
            "directory_permission": "0777",
            "file_permission": "0777",
            "filename": "/home/nsayada/k3s-ansible/inventory/my-cluster/hosts.ini",
            "id": "17f6e2c11d511b62e9b574a14213c03069320ee5",
            "sensitive_content": null,
            "source": null
          },
          "sensitive_attributes": [],
          "private": "bnVsbA==",
          "dependencies": [
            "data.template_file.k8s",
            "proxmox_vm_qemu.proxmox_vm_master",
            "proxmox_vm_qemu.proxmox_vm_workers"
          ]
        }
      ]
    },
    {
      "mode": "managed",
      "type": "proxmox_vm_qemu",
      "name": "proxmox_vm_master",
      "provider": "provider[\"registry.terraform.io/telmate/proxmox\"]",
      "instances": [
        {
          "index_key": 0,
          "schema_version": 0,
          "attributes": {
            "additional_wait": 15,
            "agent": 1,
            "args": "",
            "balloon": 0,
            "bios": "seabios",
            "boot": "cdn",
            "bootdisk": "scsi0",
            "bridge": "",
            "ci_wait": null,
            "cicustom": "",
            "cipassword": "",
            "ciuser": "nsayada",
            "clone": "ubuntu-2004-cloudinit-template",
            "clone_wait": 15,
            "cloudinit_cdrom_storage": null,
            "cores": 4,
            "cpu": "host",
            "default_ipv4_address": "192.168.3.200",
            "define_connection_info": true,
            "desc": "",
            "disk": [
              {
                "backup": 0,
                "cache": "none",
                "discard": "",
                "file": "vm-101-disk-0",
                "format": "raw",
                "iothread": 0,
                "mbps": 0,
                "mbps_rd": 0,
                "mbps_rd_max": 0,
                "mbps_wr": 0,
                "mbps_wr_max": 0,
                "media": "",
                "replicate": 0,
                "size": "12492M",
                "slot": 0,
                "ssd": 0,
                "storage": "local-lvm",
                "storage_type": "lvmthin",
                "type": "scsi",
                "volume": "local-lvm:vm-101-disk-0"
              }
            ],
            "disk_gb": 0,
            "force_create": false,
            "force_recreate_on_change_of": null,
            "full_clone": true,
            "guest_agent_ready_timeout": 600,
            "hastate": "",
            "hotplug": "network,disk,usb",
            "id": "pve/qemu/101",
            "ipconfig0": "ip=dhcp",
            "ipconfig1": "",
            "ipconfig2": "",
            "ipconfig3": "",
            "ipconfig4": "",
            "ipconfig5": "",
            "iso": null,
            "kvm": true,
            "mac": "",
            "memory": 2048,
            "name": "k3s-master-0",
            "nameserver": "192.168.3.1",
            "network": [
              {
                "bridge": "vmbr0",
                "firewall": false,
                "link_down": false,
                "macaddr": "AE:23:72:82:6A:7E",
                "model": "virtio",
                "queues": 0,
                "rate": 0,
                "tag": -1
              }
            ],
            "nic": "",
            "numa": false,
            "onboot": true,
            "os_network_config": null,
            "os_type": "cloud-init",
            "pool": "",
            "preprovision": true,
            "qemu_os": "other",
            "reboot_required": false,
            "scsihw": "virtio-scsi-pci",
            "searchdomain": "sayada.lan",
            "serial": [],
            "sockets": 1,
            "ssh_forward_ip": null,
            "ssh_host": "",
            "ssh_port": "22101",
            "ssh_private_key": null,
            "ssh_user": null,
            "sshkeys": "ssh-rsa AAAAB3NzaC1yc2EAAAADAQABAAACAQC8+8mErvRpNTV8qy2iE55PpScve37HiKBsKmwhpyaVh7khORJu0D5PqFfDwy1iQzD0VIR9CqF2uNW0y40mpzVUO5t1/hZ7kNF5wqoZYawRxyvk/LuZBva1sQe/I3z6NDELoSH6GrmfHHa6Z+zGSzL/gcRJCVU9Oyeu7iUZTlkRP9jvAkIpcNc7/Ek9xtjVcs4Xl4CDTOovy8nWCynSq3GXCsLsAS69YS1xzzJE22aLiaIEw9xBptHu8c67qFNy83oj7ntF0vVZhm1ciY+7kRLhq0zMQP011h/fI1gBLOPRZuwTh2qteaTq4XMSSPuW4MLMFoj3e2QN7q+f4RRwTmWyOoR0NiTLBtSByBivMP//clzyVI8tqxB6BnEf/fwkd7iUSUT0H0sD9QJWHbWxKWZNYFlugMOrjkkvnStfIXUjlpKgOJAW/NyP7ON+FxEZaRcBTKYvCVZp4vTC7s4O72casEBuUtS42G1UZrBZ6kTq6uzoqtqm4NjHRWSzidxtQOJqduDedkLJJ4P8WCywmIuKwW0GLd9XIeYWLfEWirV/FPN/V+sVq0v224kNTFMY78fwD4VNuIIskpSrHQ5NyXch6r7FRspV2Qunz0C/nNzwSLBmGhoYM8/aMgkRrSsejCLoIaB8UjOXgeg+kUHdXuGIyZ2IcoAwxUwKI0v0to9E/w== ssnetanel@gmail.com\nssh-rsa AAAAB3NzaC1yc2EAAAADAQABAAABgQCoisNIIxvsc3kF8BBZYfNv2SviWWSC1bGAepVbetBVU8nCxgXlkDyRpPX8el9GHbQp1Km6VgHLBxnrWMXXHZzzWGEcY0SN3Jt/Dt4eUlmOHqZ5aHUXWow/EgvEqhrMbtM3Eemmdef6jzb7y26/GP6+SuwvpIWOrJNXvGogI+0ZZVwiQxo1jM7ZCMIZ8JGK+GwAmLgCpLLX8itgcMvkDW6lEqb0A3FytLwDiK/k2IZxgMuQfNFSL/oB5R5At+uR8oNPHqxdaPAXVUgmB/hkj9zD8K81baD5FkCd3AeXKJA7Sjv6F7WITdDyIur2vHePKdNa4eC/Xd4vePI+0o15a56eIk1QvgCVGJmw6L+Cba/hnlPL6UZqPKcvRYDpJyp4nfO2gP6/Re/kHrakOoXVxp3jllrU7og9H23ezHJ2scMvtORQpZJdIDIr6l9P25zA5JS2Nnn1JmzxQ+2c/DwT7TBL/nUFvoT7H/7ZloUZaaBYKraxXolZvFedtdwNTUTyI9k= nsayada@NSAYADA21",
            "storage": "",
            "storage_type": "",
            "tags": "",
            "target_node": "pve",
            "unused_disk": [],
            "vcpus": 0,
            "vga": [],
            "vlan": -1,
            "vmid": null
          },
          "sensitive_attributes": [],
          "private": "bnVsbA=="
        }
      ]
    },
    {
      "mode": "managed",
      "type": "proxmox_vm_qemu",
      "name": "proxmox_vm_workers",
      "provider": "provider[\"registry.terraform.io/telmate/proxmox\"]",
      "instances": [
        {
          "index_key": 0,
          "schema_version": 0,
          "attributes": {
            "additional_wait": 15,
            "agent": 1,
            "args": "",
            "balloon": 0,
            "bios": "seabios",
            "boot": "cdn",
            "bootdisk": "scsi0",
            "bridge": "",
            "ci_wait": null,
            "cicustom": "",
            "cipassword": "",
            "ciuser": "nsayada",
            "clone": "ubuntu-2004-cloudinit-template",
            "clone_wait": 15,
            "cloudinit_cdrom_storage": null,
            "cores": 4,
            "cpu": "host",
            "default_ipv4_address": "192.168.3.202",
            "define_connection_info": true,
            "desc": "",
            "disk": [
              {
                "backup": 0,
                "cache": "none",
                "discard": "",
                "file": "vm-102-disk-0",
                "format": "raw",
                "iothread": 0,
                "mbps": 0,
                "mbps_rd": 0,
                "mbps_rd_max": 0,
                "mbps_wr": 0,
                "mbps_wr_max": 0,
                "media": "",
                "replicate": 0,
                "size": "12492M",
                "slot": 0,
                "ssd": 0,
                "storage": "local-lvm",
                "storage_type": "lvmthin",
                "type": "scsi",
                "volume": "local-lvm:vm-102-disk-0"
              }
            ],
            "disk_gb": 0,
            "force_create": false,
            "force_recreate_on_change_of": null,
            "full_clone": true,
            "guest_agent_ready_timeout": 600,
            "hastate": "",
            "hotplug": "network,disk,usb",
            "id": "pve/qemu/102",
            "ipconfig0": "ip=dhcp",
            "ipconfig1": "",
            "ipconfig2": "",
            "ipconfig3": "",
            "ipconfig4": "",
            "ipconfig5": "",
            "iso": null,
            "kvm": true,
            "mac": "",
            "memory": 4096,
            "name": "k3s-worker-0",
            "nameserver": "192.168.3.1",
            "network": [
              {
                "bridge": "vmbr0",
                "firewall": false,
                "link_down": false,
                "macaddr": "F6:8C:51:47:5A:7F",
                "model": "virtio",
                "queues": 0,
                "rate": 0,
                "tag": -1
              }
            ],
            "nic": "",
            "numa": false,
            "onboot": true,
            "os_network_config": null,
            "os_type": "cloud-init",
            "pool": "",
            "preprovision": true,
            "qemu_os": "other",
            "reboot_required": false,
            "scsihw": "virtio-scsi-pci",
            "searchdomain": "sayada.lan",
            "serial": [],
            "sockets": 1,
            "ssh_forward_ip": null,
            "ssh_host": "",
            "ssh_port": "22102",
            "ssh_private_key": null,
            "ssh_user": null,
            "sshkeys": "ssh-rsa AAAAB3NzaC1yc2EAAAADAQABAAACAQC8+8mErvRpNTV8qy2iE55PpScve37HiKBsKmwhpyaVh7khORJu0D5PqFfDwy1iQzD0VIR9CqF2uNW0y40mpzVUO5t1/hZ7kNF5wqoZYawRxyvk/LuZBva1sQe/I3z6NDELoSH6GrmfHHa6Z+zGSzL/gcRJCVU9Oyeu7iUZTlkRP9jvAkIpcNc7/Ek9xtjVcs4Xl4CDTOovy8nWCynSq3GXCsLsAS69YS1xzzJE22aLiaIEw9xBptHu8c67qFNy83oj7ntF0vVZhm1ciY+7kRLhq0zMQP011h/fI1gBLOPRZuwTh2qteaTq4XMSSPuW4MLMFoj3e2QN7q+f4RRwTmWyOoR0NiTLBtSByBivMP//clzyVI8tqxB6BnEf/fwkd7iUSUT0H0sD9QJWHbWxKWZNYFlugMOrjkkvnStfIXUjlpKgOJAW/NyP7ON+FxEZaRcBTKYvCVZp4vTC7s4O72casEBuUtS42G1UZrBZ6kTq6uzoqtqm4NjHRWSzidxtQOJqduDedkLJJ4P8WCywmIuKwW0GLd9XIeYWLfEWirV/FPN/V+sVq0v224kNTFMY78fwD4VNuIIskpSrHQ5NyXch6r7FRspV2Qunz0C/nNzwSLBmGhoYM8/aMgkRrSsejCLoIaB8UjOXgeg+kUHdXuGIyZ2IcoAwxUwKI0v0to9E/w== ssnetanel@gmail.com\nssh-rsa AAAAB3NzaC1yc2EAAAADAQABAAABgQCoisNIIxvsc3kF8BBZYfNv2SviWWSC1bGAepVbetBVU8nCxgXlkDyRpPX8el9GHbQp1Km6VgHLBxnrWMXXHZzzWGEcY0SN3Jt/Dt4eUlmOHqZ5aHUXWow/EgvEqhrMbtM3Eemmdef6jzb7y26/GP6+SuwvpIWOrJNXvGogI+0ZZVwiQxo1jM7ZCMIZ8JGK+GwAmLgCpLLX8itgcMvkDW6lEqb0A3FytLwDiK/k2IZxgMuQfNFSL/oB5R5At+uR8oNPHqxdaPAXVUgmB/hkj9zD8K81baD5FkCd3AeXKJA7Sjv6F7WITdDyIur2vHePKdNa4eC/Xd4vePI+0o15a56eIk1QvgCVGJmw6L+Cba/hnlPL6UZqPKcvRYDpJyp4nfO2gP6/Re/kHrakOoXVxp3jllrU7og9H23ezHJ2scMvtORQpZJdIDIr6l9P25zA5JS2Nnn1JmzxQ+2c/DwT7TBL/nUFvoT7H/7ZloUZaaBYKraxXolZvFedtdwNTUTyI9k= nsayada@NSAYADA21",
            "storage": "",
            "storage_type": "",
            "tags": "",
            "target_node": "pve",
            "unused_disk": [],
            "vcpus": 0,
            "vga": [],
            "vlan": -1,
            "vmid": null
          },
          "sensitive_attributes": [],
          "private": "bnVsbA=="
        },
        {
          "index_key": 1,
          "schema_version": 0,
          "attributes": {
            "additional_wait": 15,
            "agent": 1,
            "args": "",
            "balloon": 0,
            "bios": "seabios",
            "boot": "cdn",
            "bootdisk": "scsi0",
            "bridge": "",
            "ci_wait": null,
            "cicustom": "",
            "cipassword": "",
            "ciuser": "nsayada",
            "clone": "ubuntu-2004-cloudinit-template",
            "clone_wait": 15,
            "cloudinit_cdrom_storage": null,
            "cores": 4,
            "cpu": "host",
            "default_ipv4_address": "192.168.3.201",
            "define_connection_info": true,
            "desc": "",
            "disk": [
              {
                "backup": 0,
                "cache": "none",
                "discard": "",
                "file": "vm-103-disk-0",
                "format": "raw",
                "iothread": 0,
                "mbps": 0,
                "mbps_rd": 0,
                "mbps_rd_max": 0,
                "mbps_wr": 0,
                "mbps_wr_max": 0,
                "media": "",
                "replicate": 0,
                "size": "12492M",
                "slot": 0,
                "ssd": 0,
                "storage": "local-lvm",
                "storage_type": "lvmthin",
                "type": "scsi",
                "volume": "local-lvm:vm-103-disk-0"
              }
            ],
            "disk_gb": 0,
            "force_create": false,
            "force_recreate_on_change_of": null,
            "full_clone": true,
            "guest_agent_ready_timeout": 600,
            "hastate": "",
            "hotplug": "network,disk,usb",
            "id": "pve/qemu/103",
            "ipconfig0": "ip=dhcp",
            "ipconfig1": "",
            "ipconfig2": "",
            "ipconfig3": "",
            "ipconfig4": "",
            "ipconfig5": "",
            "iso": null,
            "kvm": true,
            "mac": "",
            "memory": 4096,
            "name": "k3s-worker-1",
            "nameserver": "192.168.3.1",
            "network": [
              {
                "bridge": "vmbr0",
                "firewall": false,
                "link_down": false,
                "macaddr": "D6:AF:21:37:B4:69",
                "model": "virtio",
                "queues": 0,
                "rate": 0,
                "tag": -1
              }
            ],
            "nic": "",
            "numa": false,
            "onboot": true,
            "os_network_config": null,
            "os_type": "cloud-init",
            "pool": "",
            "preprovision": true,
            "qemu_os": "other",
            "reboot_required": false,
            "scsihw": "virtio-scsi-pci",
            "searchdomain": "sayada.lan",
            "serial": [],
            "sockets": 1,
            "ssh_forward_ip": null,
            "ssh_host": "",
            "ssh_port": "22103",
            "ssh_private_key": null,
            "ssh_user": null,
            "sshkeys": "ssh-rsa AAAAB3NzaC1yc2EAAAADAQABAAACAQC8+8mErvRpNTV8qy2iE55PpScve37HiKBsKmwhpyaVh7khORJu0D5PqFfDwy1iQzD0VIR9CqF2uNW0y40mpzVUO5t1/hZ7kNF5wqoZYawRxyvk/LuZBva1sQe/I3z6NDELoSH6GrmfHHa6Z+zGSzL/gcRJCVU9Oyeu7iUZTlkRP9jvAkIpcNc7/Ek9xtjVcs4Xl4CDTOovy8nWCynSq3GXCsLsAS69YS1xzzJE22aLiaIEw9xBptHu8c67qFNy83oj7ntF0vVZhm1ciY+7kRLhq0zMQP011h/fI1gBLOPRZuwTh2qteaTq4XMSSPuW4MLMFoj3e2QN7q+f4RRwTmWyOoR0NiTLBtSByBivMP//clzyVI8tqxB6BnEf/fwkd7iUSUT0H0sD9QJWHbWxKWZNYFlugMOrjkkvnStfIXUjlpKgOJAW/NyP7ON+FxEZaRcBTKYvCVZp4vTC7s4O72casEBuUtS42G1UZrBZ6kTq6uzoqtqm4NjHRWSzidxtQOJqduDedkLJJ4P8WCywmIuKwW0GLd9XIeYWLfEWirV/FPN/V+sVq0v224kNTFMY78fwD4VNuIIskpSrHQ5NyXch6r7FRspV2Qunz0C/nNzwSLBmGhoYM8/aMgkRrSsejCLoIaB8UjOXgeg+kUHdXuGIyZ2IcoAwxUwKI0v0to9E/w== ssnetanel@gmail.com\nssh-rsa AAAAB3NzaC1yc2EAAAADAQABAAABgQCoisNIIxvsc3kF8BBZYfNv2SviWWSC1bGAepVbetBVU8nCxgXlkDyRpPX8el9GHbQp1Km6VgHLBxnrWMXXHZzzWGEcY0SN3Jt/Dt4eUlmOHqZ5aHUXWow/EgvEqhrMbtM3Eemmdef6jzb7y26/GP6+SuwvpIWOrJNXvGogI+0ZZVwiQxo1jM7ZCMIZ8JGK+GwAmLgCpLLX8itgcMvkDW6lEqb0A3FytLwDiK/k2IZxgMuQfNFSL/oB5R5At+uR8oNPHqxdaPAXVUgmB/hkj9zD8K81baD5FkCd3AeXKJA7Sjv6F7WITdDyIur2vHePKdNa4eC/Xd4vePI+0o15a56eIk1QvgCVGJmw6L+Cba/hnlPL6UZqPKcvRYDpJyp4nfO2gP6/Re/kHrakOoXVxp3jllrU7og9H23ezHJ2scMvtORQpZJdIDIr6l9P25zA5JS2Nnn1JmzxQ+2c/DwT7TBL/nUFvoT7H/7ZloUZaaBYKraxXolZvFedtdwNTUTyI9k= nsayada@NSAYADA21",
            "storage": "",
            "storage_type": "",
            "tags": "",
            "target_node": "pve",
            "unused_disk": [],
            "vcpus": 0,
            "vga": [],
            "vlan": -1,
            "vmid": null
          },
          "sensitive_attributes": [],
          "private": "bnVsbA=="
        },
        {
          "index_key": 2,
          "schema_version": 0,
          "attributes": {
            "additional_wait": 15,
            "agent": 1,
            "args": "",
            "balloon": 0,
            "bios": "seabios",
            "boot": "cdn",
            "bootdisk": "scsi0",
            "bridge": "",
            "ci_wait": null,
            "cicustom": "",
            "cipassword": "",
            "ciuser": "nsayada",
            "clone": "ubuntu-2004-cloudinit-template",
            "clone_wait": 15,
            "cloudinit_cdrom_storage": null,
            "cores": 4,
            "cpu": "host",
            "default_ipv4_address": "192.168.3.198",
            "define_connection_info": true,
            "desc": "",
            "disk": [
              {
                "backup": 0,
                "cache": "none",
                "discard": "",
                "file": "vm-104-disk-0",
                "format": "raw",
                "iothread": 0,
                "mbps": 0,
                "mbps_rd": 0,
                "mbps_rd_max": 0,
                "mbps_wr": 0,
                "mbps_wr_max": 0,
                "media": "",
                "replicate": 0,
                "size": "12492M",
                "slot": 0,
                "ssd": 0,
                "storage": "local-lvm",
                "storage_type": "lvmthin",
                "type": "scsi",
                "volume": "local-lvm:vm-104-disk-0"
              }
            ],
            "disk_gb": 0,
            "force_create": false,
            "force_recreate_on_change_of": null,
            "full_clone": true,
            "guest_agent_ready_timeout": 600,
            "hastate": "",
            "hotplug": "network,disk,usb",
            "id": "pve/qemu/104",
            "ipconfig0": "ip=dhcp",
            "ipconfig1": "",
            "ipconfig2": "",
            "ipconfig3": "",
            "ipconfig4": "",
            "ipconfig5": "",
            "iso": null,
            "kvm": true,
            "mac": "",
            "memory": 4096,
            "name": "k3s-worker-2",
            "nameserver": "192.168.3.1",
            "network": [
              {
                "bridge": "vmbr0",
                "firewall": false,
                "link_down": false,
                "macaddr": "BA:CC:BD:F9:50:77",
                "model": "virtio",
                "queues": 0,
                "rate": 0,
                "tag": -1
              }
            ],
            "nic": "",
            "numa": false,
            "onboot": true,
            "os_network_config": null,
            "os_type": "cloud-init",
            "pool": "",
            "preprovision": true,
            "qemu_os": "other",
            "reboot_required": false,
            "scsihw": "virtio-scsi-pci",
            "searchdomain": "sayada.lan",
            "serial": [],
            "sockets": 1,
            "ssh_forward_ip": null,
            "ssh_host": "",
            "ssh_port": "22104",
            "ssh_private_key": null,
            "ssh_user": null,
            "sshkeys": "ssh-rsa AAAAB3NzaC1yc2EAAAADAQABAAACAQC8+8mErvRpNTV8qy2iE55PpScve37HiKBsKmwhpyaVh7khORJu0D5PqFfDwy1iQzD0VIR9CqF2uNW0y40mpzVUO5t1/hZ7kNF5wqoZYawRxyvk/LuZBva1sQe/I3z6NDELoSH6GrmfHHa6Z+zGSzL/gcRJCVU9Oyeu7iUZTlkRP9jvAkIpcNc7/Ek9xtjVcs4Xl4CDTOovy8nWCynSq3GXCsLsAS69YS1xzzJE22aLiaIEw9xBptHu8c67qFNy83oj7ntF0vVZhm1ciY+7kRLhq0zMQP011h/fI1gBLOPRZuwTh2qteaTq4XMSSPuW4MLMFoj3e2QN7q+f4RRwTmWyOoR0NiTLBtSByBivMP//clzyVI8tqxB6BnEf/fwkd7iUSUT0H0sD9QJWHbWxKWZNYFlugMOrjkkvnStfIXUjlpKgOJAW/NyP7ON+FxEZaRcBTKYvCVZp4vTC7s4O72casEBuUtS42G1UZrBZ6kTq6uzoqtqm4NjHRWSzidxtQOJqduDedkLJJ4P8WCywmIuKwW0GLd9XIeYWLfEWirV/FPN/V+sVq0v224kNTFMY78fwD4VNuIIskpSrHQ5NyXch6r7FRspV2Qunz0C/nNzwSLBmGhoYM8/aMgkRrSsejCLoIaB8UjOXgeg+kUHdXuGIyZ2IcoAwxUwKI0v0to9E/w== ssnetanel@gmail.com\nssh-rsa AAAAB3NzaC1yc2EAAAADAQABAAABgQCoisNIIxvsc3kF8BBZYfNv2SviWWSC1bGAepVbetBVU8nCxgXlkDyRpPX8el9GHbQp1Km6VgHLBxnrWMXXHZzzWGEcY0SN3Jt/Dt4eUlmOHqZ5aHUXWow/EgvEqhrMbtM3Eemmdef6jzb7y26/GP6+SuwvpIWOrJNXvGogI+0ZZVwiQxo1jM7ZCMIZ8JGK+GwAmLgCpLLX8itgcMvkDW6lEqb0A3FytLwDiK/k2IZxgMuQfNFSL/oB5R5At+uR8oNPHqxdaPAXVUgmB/hkj9zD8K81baD5FkCd3AeXKJA7Sjv6F7WITdDyIur2vHePKdNa4eC/Xd4vePI+0o15a56eIk1QvgCVGJmw6L+Cba/hnlPL6UZqPKcvRYDpJyp4nfO2gP6/Re/kHrakOoXVxp3jllrU7og9H23ezHJ2scMvtORQpZJdIDIr6l9P25zA5JS2Nnn1JmzxQ+2c/DwT7TBL/nUFvoT7H/7ZloUZaaBYKraxXolZvFedtdwNTUTyI9k= nsayada@NSAYADA21",
            "storage": "",
            "storage_type": "",
            "tags": "",
            "target_node": "pve",
            "unused_disk": [],
            "vcpus": 0,
            "vga": [],
            "vlan": -1,
            "vmid": null
          },
          "sensitive_attributes": [],
          "private": "bnVsbA=="
        },
        {
          "index_key": 3,
          "schema_version": 0,
          "attributes": {
            "additional_wait": 15,
            "agent": 1,
            "args": "",
            "balloon": 0,
            "bios": "seabios",
            "boot": "cdn",
            "bootdisk": "scsi0",
            "bridge": "",
            "ci_wait": null,
            "cicustom": "",
            "cipassword": "",
            "ciuser": "nsayada",
            "clone": "ubuntu-2004-cloudinit-template",
            "clone_wait": 15,
            "cloudinit_cdrom_storage": null,
            "cores": 4,
            "cpu": "host",
            "default_ipv4_address": "192.168.3.203",
            "define_connection_info": true,
            "desc": "",
            "disk": [
              {
                "backup": 0,
                "cache": "none",
                "discard": "",
                "file": "vm-100-disk-0",
                "format": "raw",
                "iothread": 0,
                "mbps": 0,
                "mbps_rd": 0,
                "mbps_rd_max": 0,
                "mbps_wr": 0,
                "mbps_wr_max": 0,
                "media": "",
                "replicate": 0,
                "size": "12492M",
                "slot": 0,
                "ssd": 0,
                "storage": "local-lvm",
                "storage_type": "lvmthin",
                "type": "scsi",
                "volume": "local-lvm:vm-100-disk-0"
              }
            ],
            "disk_gb": 0,
            "force_create": false,
            "force_recreate_on_change_of": null,
            "full_clone": true,
            "guest_agent_ready_timeout": 600,
            "hastate": "",
            "hotplug": "network,disk,usb",
            "id": "pve/qemu/100",
            "ipconfig0": "ip=dhcp",
            "ipconfig1": "",
            "ipconfig2": "",
            "ipconfig3": "",
            "ipconfig4": "",
            "ipconfig5": "",
            "iso": null,
            "kvm": true,
            "mac": "",
            "memory": 4096,
            "name": "k3s-worker-3",
            "nameserver": "192.168.3.1",
            "network": [
              {
                "bridge": "vmbr0",
                "firewall": false,
                "link_down": false,
                "macaddr": "F2:D8:EF:E5:E5:F1",
                "model": "virtio",
                "queues": 0,
                "rate": 0,
                "tag": -1
              }
            ],
            "nic": "",
            "numa": false,
            "onboot": true,
            "os_network_config": null,
            "os_type": "cloud-init",
            "pool": "",
            "preprovision": true,
            "qemu_os": "other",
            "reboot_required": false,
            "scsihw": "virtio-scsi-pci",
            "searchdomain": "sayada.lan",
            "serial": [],
            "sockets": 1,
            "ssh_forward_ip": null,
            "ssh_host": "",
            "ssh_port": "22100",
            "ssh_private_key": null,
            "ssh_user": null,
            "sshkeys": "ssh-rsa AAAAB3NzaC1yc2EAAAADAQABAAACAQC8+8mErvRpNTV8qy2iE55PpScve37HiKBsKmwhpyaVh7khORJu0D5PqFfDwy1iQzD0VIR9CqF2uNW0y40mpzVUO5t1/hZ7kNF5wqoZYawRxyvk/LuZBva1sQe/I3z6NDELoSH6GrmfHHa6Z+zGSzL/gcRJCVU9Oyeu7iUZTlkRP9jvAkIpcNc7/Ek9xtjVcs4Xl4CDTOovy8nWCynSq3GXCsLsAS69YS1xzzJE22aLiaIEw9xBptHu8c67qFNy83oj7ntF0vVZhm1ciY+7kRLhq0zMQP011h/fI1gBLOPRZuwTh2qteaTq4XMSSPuW4MLMFoj3e2QN7q+f4RRwTmWyOoR0NiTLBtSByBivMP//clzyVI8tqxB6BnEf/fwkd7iUSUT0H0sD9QJWHbWxKWZNYFlugMOrjkkvnStfIXUjlpKgOJAW/NyP7ON+FxEZaRcBTKYvCVZp4vTC7s4O72casEBuUtS42G1UZrBZ6kTq6uzoqtqm4NjHRWSzidxtQOJqduDedkLJJ4P8WCywmIuKwW0GLd9XIeYWLfEWirV/FPN/V+sVq0v224kNTFMY78fwD4VNuIIskpSrHQ5NyXch6r7FRspV2Qunz0C/nNzwSLBmGhoYM8/aMgkRrSsejCLoIaB8UjOXgeg+kUHdXuGIyZ2IcoAwxUwKI0v0to9E/w== ssnetanel@gmail.com\nssh-rsa AAAAB3NzaC1yc2EAAAADAQABAAABgQCoisNIIxvsc3kF8BBZYfNv2SviWWSC1bGAepVbetBVU8nCxgXlkDyRpPX8el9GHbQp1Km6VgHLBxnrWMXXHZzzWGEcY0SN3Jt/Dt4eUlmOHqZ5aHUXWow/EgvEqhrMbtM3Eemmdef6jzb7y26/GP6+SuwvpIWOrJNXvGogI+0ZZVwiQxo1jM7ZCMIZ8JGK+GwAmLgCpLLX8itgcMvkDW6lEqb0A3FytLwDiK/k2IZxgMuQfNFSL/oB5R5At+uR8oNPHqxdaPAXVUgmB/hkj9zD8K81baD5FkCd3AeXKJA7Sjv6F7WITdDyIur2vHePKdNa4eC/Xd4vePI+0o15a56eIk1QvgCVGJmw6L+Cba/hnlPL6UZqPKcvRYDpJyp4nfO2gP6/Re/kHrakOoXVxp3jllrU7og9H23ezHJ2scMvtORQpZJdIDIr6l9P25zA5JS2Nnn1JmzxQ+2c/DwT7TBL/nUFvoT7H/7ZloUZaaBYKraxXolZvFedtdwNTUTyI9k= nsayada@NSAYADA21",
            "storage": "",
            "storage_type": "",
            "tags": "",
            "target_node": "pve",
            "unused_disk": [],
            "vcpus": 0,
            "vga": [],
            "vlan": -1,
            "vmid": null
          },
          "sensitive_attributes": [],
          "private": "bnVsbA=="
        }
      ]
    }
  ]
}
